Microsoft Visual Studio Solution File, Format Version 12.00
# Visual Studio Version 16
VisualStudioVersion = 16.0.30711.63
MinimumVisualStudioVersion = 10.0.40219.1
Project("{FAE04EC0-301F-11D3-BF4B-00C04F79EFBC}") = "ConsoleClient", "View\ConsoleClient\ConsoleClient.csproj", "{F7436EE9-3CD3-4363-8BA7-B8BFA935783F}"
EndProject
Project("{FAE04EC0-301F-11D3-BF4B-00C04F79EFBC}") = "EventBusHost", "WebService\EventBusHost\EventBusHost.csproj", "{4832D53B-E79C-40C8-A3BA-A74EC2710FA1}"
EndProject
Project("{FAE04EC0-301F-11D3-BF4B-00C04F79EFBC}") = "Model", "DAL\Model\Model.csproj", "{419577AD-11F2-4DAC-8A36-A8ED223CEEAD}"
EndProject
Project("{FAE04EC0-301F-11D3-BF4B-00C04F79EFBC}") = "EventBusCore", "WebService\EventBusCore\EventBusCore.csproj", "{058CE257-DD36-4420-BC30-0E871A8529CB}"
EndProject
Project("{FAE04EC0-301F-11D3-BF4B-00C04F79EFBC}") = "DataStorage", "DAL\DataStorage\DataStorage.csproj", "{E7B544E6-4788-4B53-BD0A-F61D531BFF9E}"
EndProject
Project("{9A19103F-16F7-4668-BE54-9A1E7A4F7556}") = "SqlHelper", "DAL\SqlResources\SqlHelper.csproj", "{50D315B8-8FBF-43CF-A18F-2F1BDA25C31F}"
EndProject
Project("{FAE04EC0-301F-11D3-BF4B-00C04F79EFBC}") = "DataStorage.Test", "Tests\DataStorage.Test\DataStorage.Test.csproj", "{6A028C0C-E1F4-4E05-A0C0-078E0522FCCB}"
EndProject
Project("{9A19103F-16F7-4668-BE54-9A1E7A4F7556}") = "UI", "View\UI\UI.csproj", "{634CE696-7C03-46F3-B8B6-7FD1BF4C887A}"
EndProject
Project("{2150E333-8FDC-42A3-9474-1A3956D46DE8}") = "View", "View", "{103CE138-27B0-4726-8B9B-14D0FD9D3C58}"
EndProject
Project("{2150E333-8FDC-42A3-9474-1A3956D46DE8}") = "Tests", "Tests", "{9426B79D-20B6-4287-A665-C54695B5DF51}"
EndProject
Project("{2150E333-8FDC-42A3-9474-1A3956D46DE8}") = "WebService", "WebService", "{DC7CE35E-208F-4414-9B13-5E0E4E0AC5E7}"
EndProject
Project("{2150E333-8FDC-42A3-9474-1A3956D46DE8}") = "DAL", "DAL", "{77FD8F2E-967F-462D-8E68-892D5F1105B5}"
EndProject
Project("{2150E333-8FDC-42A3-9474-1A3956D46DE8}") = "Controller", "Controller", "{3E6D7AC7-7B5E-4177-91E0-1CD7ADCCA05A}"
EndProject
Project("{FAE04EC0-301F-11D3-BF4B-00C04F79EFBC}") = "WebServiceClient", "Controller\WebServiceClient\WebServiceClient.csproj", "{44EB8F11-615D-4541-9AA6-287133C26AB8}"
EndProject
Project("{FAE04EC0-301F-11D3-BF4B-00C04F79EFBC}") = "Utils", "Utils\Utils.csproj", "{E21F183B-BCE2-4BF7-8222-E6686D7BA6AA}"
EndProject
Project("{FAE04EC0-301F-11D3-BF4B-00C04F79EFBC}") = "EventBusServer.Test", "Tests\EventBusServer.Test\EventBusServer.Test.csproj", "{B2DD4B03-141D-4C03-81D0-B4508A7C125B}"
EndProject
Project("{2150E333-8FDC-42A3-9474-1A3956D46DE8}") = "SampleServices", "SampleServices", "{F2B3651C-4876-4439-8CF2-5F21D01BDFB5}"
EndProject
Project("{FAE04EC0-301F-11D3-BF4B-00C04F79EFBC}") = "ServerACore", "WebService\SampleServices\ServerACore\ServerACore.csproj", "{2E42A7B4-8A5A-451C-AB78-69EECAB4A003}"
EndProject
Project("{FAE04EC0-301F-11D3-BF4B-00C04F79EFBC}") = "ServerAHost", "WebService\SampleServices\ServerAHost\ServerAHost.csproj", "{F197E5F2-395E-49C9-AC31-C575F486917B}"
EndProject
Project("{FAE04EC0-301F-11D3-BF4B-00C04F79EFBC}") = "ServerBCore", "WebService\SampleServices\ServerBCore\ServerBCore.csproj", "{7CD8EC3F-6730-4A61-A4FD-16FD52762FE0}"
EndProject
Project("{FAE04EC0-301F-11D3-BF4B-00C04F79EFBC}") = "ServerBHost", "WebService\SampleServices\ServerBHost\ServerBHost.csproj", "{EF8FAF10-D680-4965-9F4F-3245691B76B0}"
EndProject
Project("{FAE04EC0-301F-11D3-BF4B-00C04F79EFBC}") = "ServerCCore", "WebService\SampleServices\ServerCCore\ServerCCore.csproj", "{B273B43B-766A-470D-9126-0240F06E2DF6}"
EndProject
Project("{FAE04EC0-301F-11D3-BF4B-00C04F79EFBC}") = "ServerCHost", "WebService\SampleServices\ServerCHost\ServerCHost.csproj", "{7B9C0FEB-15CD-4218-A489-AD9FF76B5F68}"
EndProject
Project("{FAE04EC0-301F-11D3-BF4B-00C04F79EFBC}") = "ServerDCore", "WebService\SampleServices\ServerDCore\ServerDCore.csproj", "{67052E53-F0B1-46A0-8746-04856A3A3D34}"
EndProject
Project("{FAE04EC0-301F-11D3-BF4B-00C04F79EFBC}") = "ServerDHost", "WebService\SampleServices\ServerDHost\ServerDHost.csproj", "{FB76FA26-8874-46C4-AD76-8036CB36E661}"
EndProject
Project("{FAE04EC0-301F-11D3-BF4B-00C04F79EFBC}") = "StressTestServerCore", "WebService\SampleServices\StressTestServerCore\StressTestServerCore.csproj", "{7C92FB71-0669-4DD6-9536-7D0DDCAB0061}"
EndProject
Project("{FAE04EC0-301F-11D3-BF4B-00C04F79EFBC}") = "StressTestServerHost", "WebService\SampleServices\StressTestServerHost\StressTestServerHost.csproj", "{DC7CB424-0B98-4E65-A3B9-421FEFAFB638}"
EndProject
Global
	GlobalSection(SolutionConfigurationPlatforms) = preSolution
		Debug|Any CPU = Debug|Any CPU
		Debug|x86 = Debug|x86
		Release|Any CPU = Release|Any CPU
		Release|x86 = Release|x86
	EndGlobalSection
	GlobalSection(ProjectConfigurationPlatforms) = postSolution
		{F7436EE9-3CD3-4363-8BA7-B8BFA935783F}.Debug|Any CPU.ActiveCfg = Debug|Any CPU
		{F7436EE9-3CD3-4363-8BA7-B8BFA935783F}.Debug|Any CPU.Build.0 = Debug|Any CPU
		{F7436EE9-3CD3-4363-8BA7-B8BFA935783F}.Debug|x86.ActiveCfg = Debug|Any CPU
		{F7436EE9-3CD3-4363-8BA7-B8BFA935783F}.Debug|x86.Build.0 = Debug|Any CPU
		{F7436EE9-3CD3-4363-8BA7-B8BFA935783F}.Release|Any CPU.ActiveCfg = Release|Any CPU
		{F7436EE9-3CD3-4363-8BA7-B8BFA935783F}.Release|Any CPU.Build.0 = Release|Any CPU
		{F7436EE9-3CD3-4363-8BA7-B8BFA935783F}.Release|x86.ActiveCfg = Release|Any CPU
		{F7436EE9-3CD3-4363-8BA7-B8BFA935783F}.Release|x86.Build.0 = Release|Any CPU
		{4832D53B-E79C-40C8-A3BA-A74EC2710FA1}.Debug|Any CPU.ActiveCfg = Debug|Any CPU
		{4832D53B-E79C-40C8-A3BA-A74EC2710FA1}.Debug|Any CPU.Build.0 = Debug|Any CPU
		{4832D53B-E79C-40C8-A3BA-A74EC2710FA1}.Debug|x86.ActiveCfg = Debug|Any CPU
		{4832D53B-E79C-40C8-A3BA-A74EC2710FA1}.Debug|x86.Build.0 = Debug|Any CPU
		{4832D53B-E79C-40C8-A3BA-A74EC2710FA1}.Release|Any CPU.ActiveCfg = Release|Any CPU
		{4832D53B-E79C-40C8-A3BA-A74EC2710FA1}.Release|Any CPU.Build.0 = Release|Any CPU
		{4832D53B-E79C-40C8-A3BA-A74EC2710FA1}.Release|x86.ActiveCfg = Release|Any CPU
		{4832D53B-E79C-40C8-A3BA-A74EC2710FA1}.Release|x86.Build.0 = Release|Any CPU
		{419577AD-11F2-4DAC-8A36-A8ED223CEEAD}.Debug|Any CPU.ActiveCfg = Debug|Any CPU
		{419577AD-11F2-4DAC-8A36-A8ED223CEEAD}.Debug|Any CPU.Build.0 = Debug|Any CPU
		{419577AD-11F2-4DAC-8A36-A8ED223CEEAD}.Debug|x86.ActiveCfg = Debug|Any CPU
		{419577AD-11F2-4DAC-8A36-A8ED223CEEAD}.Debug|x86.Build.0 = Debug|Any CPU
		{419577AD-11F2-4DAC-8A36-A8ED223CEEAD}.Release|Any CPU.ActiveCfg = Release|Any CPU
		{419577AD-11F2-4DAC-8A36-A8ED223CEEAD}.Release|Any CPU.Build.0 = Release|Any CPU
		{419577AD-11F2-4DAC-8A36-A8ED223CEEAD}.Release|x86.ActiveCfg = Release|Any CPU
		{419577AD-11F2-4DAC-8A36-A8ED223CEEAD}.Release|x86.Build.0 = Release|Any CPU
		{058CE257-DD36-4420-BC30-0E871A8529CB}.Debug|Any CPU.ActiveCfg = Debug|Any CPU
		{058CE257-DD36-4420-BC30-0E871A8529CB}.Debug|Any CPU.Build.0 = Debug|Any CPU
		{058CE257-DD36-4420-BC30-0E871A8529CB}.Debug|x86.ActiveCfg = Debug|Any CPU
		{058CE257-DD36-4420-BC30-0E871A8529CB}.Debug|x86.Build.0 = Debug|Any CPU
		{058CE257-DD36-4420-BC30-0E871A8529CB}.Release|Any CPU.ActiveCfg = Release|Any CPU
		{058CE257-DD36-4420-BC30-0E871A8529CB}.Release|Any CPU.Build.0 = Release|Any CPU
		{058CE257-DD36-4420-BC30-0E871A8529CB}.Release|x86.ActiveCfg = Release|Any CPU
		{058CE257-DD36-4420-BC30-0E871A8529CB}.Release|x86.Build.0 = Release|Any CPU
		{E7B544E6-4788-4B53-BD0A-F61D531BFF9E}.Debug|Any CPU.ActiveCfg = Debug|Any CPU
		{E7B544E6-4788-4B53-BD0A-F61D531BFF9E}.Debug|Any CPU.Build.0 = Debug|Any CPU
		{E7B544E6-4788-4B53-BD0A-F61D531BFF9E}.Debug|x86.ActiveCfg = Debug|Any CPU
		{E7B544E6-4788-4B53-BD0A-F61D531BFF9E}.Debug|x86.Build.0 = Debug|Any CPU
		{E7B544E6-4788-4B53-BD0A-F61D531BFF9E}.Release|Any CPU.ActiveCfg = Release|Any CPU
		{E7B544E6-4788-4B53-BD0A-F61D531BFF9E}.Release|Any CPU.Build.0 = Release|Any CPU
		{E7B544E6-4788-4B53-BD0A-F61D531BFF9E}.Release|x86.ActiveCfg = Release|Any CPU
		{E7B544E6-4788-4B53-BD0A-F61D531BFF9E}.Release|x86.Build.0 = Release|Any CPU
		{50D315B8-8FBF-43CF-A18F-2F1BDA25C31F}.Debug|Any CPU.ActiveCfg = Debug|Any CPU
		{50D315B8-8FBF-43CF-A18F-2F1BDA25C31F}.Debug|Any CPU.Build.0 = Debug|Any CPU
		{50D315B8-8FBF-43CF-A18F-2F1BDA25C31F}.Debug|x86.ActiveCfg = Debug|Any CPU
		{50D315B8-8FBF-43CF-A18F-2F1BDA25C31F}.Debug|x86.Build.0 = Debug|Any CPU
		{50D315B8-8FBF-43CF-A18F-2F1BDA25C31F}.Release|Any CPU.ActiveCfg = Release|Any CPU
		{50D315B8-8FBF-43CF-A18F-2F1BDA25C31F}.Release|Any CPU.Build.0 = Release|Any CPU
		{50D315B8-8FBF-43CF-A18F-2F1BDA25C31F}.Release|x86.ActiveCfg = Release|Any CPU
		{50D315B8-8FBF-43CF-A18F-2F1BDA25C31F}.Release|x86.Build.0 = Release|Any CPU
		{6A028C0C-E1F4-4E05-A0C0-078E0522FCCB}.Debug|Any CPU.ActiveCfg = Debug|Any CPU
		{6A028C0C-E1F4-4E05-A0C0-078E0522FCCB}.Debug|Any CPU.Build.0 = Debug|Any CPU
		{6A028C0C-E1F4-4E05-A0C0-078E0522FCCB}.Debug|x86.ActiveCfg = Debug|x86
		{6A028C0C-E1F4-4E05-A0C0-078E0522FCCB}.Debug|x86.Build.0 = Debug|x86
		{6A028C0C-E1F4-4E05-A0C0-078E0522FCCB}.Release|Any CPU.ActiveCfg = Release|Any CPU
		{6A028C0C-E1F4-4E05-A0C0-078E0522FCCB}.Release|Any CPU.Build.0 = Release|Any CPU
		{6A028C0C-E1F4-4E05-A0C0-078E0522FCCB}.Release|x86.ActiveCfg = Release|x86
		{6A028C0C-E1F4-4E05-A0C0-078E0522FCCB}.Release|x86.Build.0 = Release|x86
		{634CE696-7C03-46F3-B8B6-7FD1BF4C887A}.Debug|Any CPU.ActiveCfg = Debug|Any CPU
		{634CE696-7C03-46F3-B8B6-7FD1BF4C887A}.Debug|Any CPU.Build.0 = Debug|Any CPU
		{634CE696-7C03-46F3-B8B6-7FD1BF4C887A}.Debug|x86.ActiveCfg = Debug|Any CPU
		{634CE696-7C03-46F3-B8B6-7FD1BF4C887A}.Debug|x86.Build.0 = Debug|Any CPU
		{634CE696-7C03-46F3-B8B6-7FD1BF4C887A}.Release|Any CPU.ActiveCfg = Release|Any CPU
		{634CE696-7C03-46F3-B8B6-7FD1BF4C887A}.Release|Any CPU.Build.0 = Release|Any CPU
		{634CE696-7C03-46F3-B8B6-7FD1BF4C887A}.Release|x86.ActiveCfg = Release|Any CPU
		{634CE696-7C03-46F3-B8B6-7FD1BF4C887A}.Release|x86.Build.0 = Release|Any CPU
		{44EB8F11-615D-4541-9AA6-287133C26AB8}.Debug|Any CPU.ActiveCfg = Debug|Any CPU
		{44EB8F11-615D-4541-9AA6-287133C26AB8}.Debug|Any CPU.Build.0 = Debug|Any CPU
		{44EB8F11-615D-4541-9AA6-287133C26AB8}.Debug|x86.ActiveCfg = Debug|Any CPU
		{44EB8F11-615D-4541-9AA6-287133C26AB8}.Debug|x86.Build.0 = Debug|Any CPU
		{44EB8F11-615D-4541-9AA6-287133C26AB8}.Release|Any CPU.ActiveCfg = Release|Any CPU
		{44EB8F11-615D-4541-9AA6-287133C26AB8}.Release|Any CPU.Build.0 = Release|Any CPU
		{44EB8F11-615D-4541-9AA6-287133C26AB8}.Release|x86.ActiveCfg = Release|Any CPU
		{44EB8F11-615D-4541-9AA6-287133C26AB8}.Release|x86.Build.0 = Release|Any CPU
		{E21F183B-BCE2-4BF7-8222-E6686D7BA6AA}.Debug|Any CPU.ActiveCfg = Debug|Any CPU
		{E21F183B-BCE2-4BF7-8222-E6686D7BA6AA}.Debug|Any CPU.Build.0 = Debug|Any CPU
		{E21F183B-BCE2-4BF7-8222-E6686D7BA6AA}.Debug|x86.ActiveCfg = Debug|Any CPU
		{E21F183B-BCE2-4BF7-8222-E6686D7BA6AA}.Debug|x86.Build.0 = Debug|Any CPU
		{E21F183B-BCE2-4BF7-8222-E6686D7BA6AA}.Release|Any CPU.ActiveCfg = Release|Any CPU
		{E21F183B-BCE2-4BF7-8222-E6686D7BA6AA}.Release|Any CPU.Build.0 = Release|Any CPU
		{E21F183B-BCE2-4BF7-8222-E6686D7BA6AA}.Release|x86.ActiveCfg = Release|Any CPU
		{E21F183B-BCE2-4BF7-8222-E6686D7BA6AA}.Release|x86.Build.0 = Release|Any CPU
		{B2DD4B03-141D-4C03-81D0-B4508A7C125B}.Debug|Any CPU.ActiveCfg = Debug|Any CPU
		{B2DD4B03-141D-4C03-81D0-B4508A7C125B}.Debug|Any CPU.Build.0 = Debug|Any CPU
		{B2DD4B03-141D-4C03-81D0-B4508A7C125B}.Debug|x86.ActiveCfg = Debug|x86
		{B2DD4B03-141D-4C03-81D0-B4508A7C125B}.Debug|x86.Build.0 = Debug|x86
		{B2DD4B03-141D-4C03-81D0-B4508A7C125B}.Release|Any CPU.ActiveCfg = Release|Any CPU
		{B2DD4B03-141D-4C03-81D0-B4508A7C125B}.Release|Any CPU.Build.0 = Release|Any CPU
		{B2DD4B03-141D-4C03-81D0-B4508A7C125B}.Release|x86.ActiveCfg = Release|x86
		{B2DD4B03-141D-4C03-81D0-B4508A7C125B}.Release|x86.Build.0 = Release|x86
		{2E42A7B4-8A5A-451C-AB78-69EECAB4A003}.Debug|Any CPU.ActiveCfg = Debug|Any CPU
		{2E42A7B4-8A5A-451C-AB78-69EECAB4A003}.Debug|Any CPU.Build.0 = Debug|Any CPU
		{2E42A7B4-8A5A-451C-AB78-69EECAB4A003}.Debug|x86.ActiveCfg = Debug|Any CPU
		{2E42A7B4-8A5A-451C-AB78-69EECAB4A003}.Debug|x86.Build.0 = Debug|Any CPU
		{2E42A7B4-8A5A-451C-AB78-69EECAB4A003}.Release|Any CPU.ActiveCfg = Release|Any CPU
		{2E42A7B4-8A5A-451C-AB78-69EECAB4A003}.Release|Any CPU.Build.0 = Release|Any CPU
		{2E42A7B4-8A5A-451C-AB78-69EECAB4A003}.Release|x86.ActiveCfg = Release|Any CPU
		{2E42A7B4-8A5A-451C-AB78-69EECAB4A003}.Release|x86.Build.0 = Release|Any CPU
		{F197E5F2-395E-49C9-AC31-C575F486917B}.Debug|Any CPU.ActiveCfg = Debug|Any CPU
		{F197E5F2-395E-49C9-AC31-C575F486917B}.Debug|Any CPU.Build.0 = Debug|Any CPU
		{F197E5F2-395E-49C9-AC31-C575F486917B}.Debug|x86.ActiveCfg = Debug|Any CPU
		{F197E5F2-395E-49C9-AC31-C575F486917B}.Debug|x86.Build.0 = Debug|Any CPU
		{F197E5F2-395E-49C9-AC31-C575F486917B}.Release|Any CPU.ActiveCfg = Release|Any CPU
		{F197E5F2-395E-49C9-AC31-C575F486917B}.Release|Any CPU.Build.0 = Release|Any CPU
		{F197E5F2-395E-49C9-AC31-C575F486917B}.Release|x86.ActiveCfg = Release|Any CPU
		{F197E5F2-395E-49C9-AC31-C575F486917B}.Release|x86.Build.0 = Release|Any CPU
		{7CD8EC3F-6730-4A61-A4FD-16FD52762FE0}.Debug|Any CPU.ActiveCfg = Debug|Any CPU
		{7CD8EC3F-6730-4A61-A4FD-16FD52762FE0}.Debug|Any CPU.Build.0 = Debug|Any CPU
		{7CD8EC3F-6730-4A61-A4FD-16FD52762FE0}.Debug|x86.ActiveCfg = Debug|Any CPU
		{7CD8EC3F-6730-4A61-A4FD-16FD52762FE0}.Debug|x86.Build.0 = Debug|Any CPU
		{7CD8EC3F-6730-4A61-A4FD-16FD52762FE0}.Release|Any CPU.ActiveCfg = Release|Any CPU
		{7CD8EC3F-6730-4A61-A4FD-16FD52762FE0}.Release|Any CPU.Build.0 = Release|Any CPU
		{7CD8EC3F-6730-4A61-A4FD-16FD52762FE0}.Release|x86.ActiveCfg = Release|Any CPU
		{7CD8EC3F-6730-4A61-A4FD-16FD52762FE0}.Release|x86.Build.0 = Release|Any CPU
		{EF8FAF10-D680-4965-9F4F-3245691B76B0}.Debug|Any CPU.ActiveCfg = Debug|Any CPU
		{EF8FAF10-D680-4965-9F4F-3245691B76B0}.Debug|Any CPU.Build.0 = Debug|Any CPU
		{EF8FAF10-D680-4965-9F4F-3245691B76B0}.Debug|x86.ActiveCfg = Debug|Any CPU
		{EF8FAF10-D680-4965-9F4F-3245691B76B0}.Debug|x86.Build.0 = Debug|Any CPU
		{EF8FAF10-D680-4965-9F4F-3245691B76B0}.Release|Any CPU.ActiveCfg = Release|Any CPU
		{EF8FAF10-D680-4965-9F4F-3245691B76B0}.Release|Any CPU.Build.0 = Release|Any CPU
		{EF8FAF10-D680-4965-9F4F-3245691B76B0}.Release|x86.ActiveCfg = Release|Any CPU
		{EF8FAF10-D680-4965-9F4F-3245691B76B0}.Release|x86.Build.0 = Release|Any CPU
		{B273B43B-766A-470D-9126-0240F06E2DF6}.Debug|Any CPU.ActiveCfg = Debug|Any CPU
		{B273B43B-766A-470D-9126-0240F06E2DF6}.Debug|Any CPU.Build.0 = Debug|Any CPU
		{B273B43B-766A-470D-9126-0240F06E2DF6}.Debug|x86.ActiveCfg = Debug|Any CPU
		{B273B43B-766A-470D-9126-0240F06E2DF6}.Debug|x86.Build.0 = Debug|Any CPU
		{B273B43B-766A-470D-9126-0240F06E2DF6}.Release|Any CPU.ActiveCfg = Release|Any CPU
		{B273B43B-766A-470D-9126-0240F06E2DF6}.Release|Any CPU.Build.0 = Release|Any CPU
		{B273B43B-766A-470D-9126-0240F06E2DF6}.Release|x86.ActiveCfg = Release|Any CPU
		{B273B43B-766A-470D-9126-0240F06E2DF6}.Release|x86.Build.0 = Release|Any CPU
		{7B9C0FEB-15CD-4218-A489-AD9FF76B5F68}.Debug|Any CPU.ActiveCfg = Debug|Any CPU
		{7B9C0FEB-15CD-4218-A489-AD9FF76B5F68}.Debug|Any CPU.Build.0 = Debug|Any CPU
		{7B9C0FEB-15CD-4218-A489-AD9FF76B5F68}.Debug|x86.ActiveCfg = Debug|Any CPU
		{7B9C0FEB-15CD-4218-A489-AD9FF76B5F68}.Debug|x86.Build.0 = Debug|Any CPU
		{7B9C0FEB-15CD-4218-A489-AD9FF76B5F68}.Release|Any CPU.ActiveCfg = Release|Any CPU
		{7B9C0FEB-15CD-4218-A489-AD9FF76B5F68}.Release|Any CPU.Build.0 = Release|Any CPU
		{7B9C0FEB-15CD-4218-A489-AD9FF76B5F68}.Release|x86.ActiveCfg = Release|Any CPU
		{7B9C0FEB-15CD-4218-A489-AD9FF76B5F68}.Release|x86.Build.0 = Release|Any CPU
		{67052E53-F0B1-46A0-8746-04856A3A3D34}.Debug|Any CPU.ActiveCfg = Debug|Any CPU
		{67052E53-F0B1-46A0-8746-04856A3A3D34}.Debug|Any CPU.Build.0 = Debug|Any CPU
		{67052E53-F0B1-46A0-8746-04856A3A3D34}.Debug|x86.ActiveCfg = Debug|Any CPU
		{67052E53-F0B1-46A0-8746-04856A3A3D34}.Debug|x86.Build.0 = Debug|Any CPU
		{67052E53-F0B1-46A0-8746-04856A3A3D34}.Release|Any CPU.ActiveCfg = Release|Any CPU
		{67052E53-F0B1-46A0-8746-04856A3A3D34}.Release|Any CPU.Build.0 = Release|Any CPU
		{67052E53-F0B1-46A0-8746-04856A3A3D34}.Release|x86.ActiveCfg = Release|Any CPU
		{67052E53-F0B1-46A0-8746-04856A3A3D34}.Release|x86.Build.0 = Release|Any CPU
		{FB76FA26-8874-46C4-AD76-8036CB36E661}.Debug|Any CPU.ActiveCfg = Debug|Any CPU
		{FB76FA26-8874-46C4-AD76-8036CB36E661}.Debug|Any CPU.Build.0 = Debug|Any CPU
		{FB76FA26-8874-46C4-AD76-8036CB36E661}.Debug|x86.ActiveCfg = Debug|Any CPU
		{FB76FA26-8874-46C4-AD76-8036CB36E661}.Debug|x86.Build.0 = Debug|Any CPU
		{FB76FA26-8874-46C4-AD76-8036CB36E661}.Release|Any CPU.ActiveCfg = Release|Any CPU
		{FB76FA26-8874-46C4-AD76-8036CB36E661}.Release|Any CPU.Build.0 = Release|Any CPU
		{FB76FA26-8874-46C4-AD76-8036CB36E661}.Release|x86.ActiveCfg = Release|Any CPU
		{FB76FA26-8874-46C4-AD76-8036CB36E661}.Release|x86.Build.0 = Release|Any CPU
		{7C92FB71-0669-4DD6-9536-7D0DDCAB0061}.Debug|Any CPU.ActiveCfg = Debug|Any CPU
		{7C92FB71-0669-4DD6-9536-7D0DDCAB0061}.Debug|Any CPU.Build.0 = Debug|Any CPU
		{7C92FB71-0669-4DD6-9536-7D0DDCAB0061}.Debug|x86.ActiveCfg = Debug|Any CPU
		{7C92FB71-0669-4DD6-9536-7D0DDCAB0061}.Debug|x86.Build.0 = Debug|Any CPU
		{7C92FB71-0669-4DD6-9536-7D0DDCAB0061}.Release|Any CPU.ActiveCfg = Release|Any CPU
		{7C92FB71-0669-4DD6-9536-7D0DDCAB0061}.Release|Any CPU.Build.0 = Release|Any CPU
		{7C92FB71-0669-4DD6-9536-7D0DDCAB0061}.Release|x86.ActiveCfg = Release|Any CPU
		{7C92FB71-0669-4DD6-9536-7D0DDCAB0061}.Release|x86.Build.0 = Release|Any CPU
		{DC7CB424-0B98-4E65-A3B9-421FEFAFB638}.Debug|Any CPU.ActiveCfg = Debug|Any CPU
		{DC7CB424-0B98-4E65-A3B9-421FEFAFB638}.Debug|Any CPU.Build.0 = Debug|Any CPU
		{DC7CB424-0B98-4E65-A3B9-421FEFAFB638}.Debug|x86.ActiveCfg = Debug|Any CPU
		{DC7CB424-0B98-4E65-A3B9-421FEFAFB638}.Debug|x86.Build.0 = Debug|Any CPU
		{DC7CB424-0B98-4E65-A3B9-421FEFAFB638}.Release|Any CPU.ActiveCfg = Release|Any CPU
		{DC7CB424-0B98-4E65-A3B9-421FEFAFB638}.Release|Any CPU.Build.0 = Release|Any CPU
		{DC7CB424-0B98-4E65-A3B9-421FEFAFB638}.Release|x86.ActiveCfg = Release|Any CPU
		{DC7CB424-0B98-4E65-A3B9-421FEFAFB638}.Release|x86.Build.0 = Release|Any CPU
	EndGlobalSection
	GlobalSection(SolutionProperties) = preSolution
		HideSolutionNode = FALSE
	EndGlobalSection
	GlobalSection(NestedProjects) = preSolution
		{F7436EE9-3CD3-4363-8BA7-B8BFA935783F} = {103CE138-27B0-4726-8B9B-14D0FD9D3C58}
		{4832D53B-E79C-40C8-A3BA-A74EC2710FA1} = {DC7CE35E-208F-4414-9B13-5E0E4E0AC5E7}
		{419577AD-11F2-4DAC-8A36-A8ED223CEEAD} = {77FD8F2E-967F-462D-8E68-892D5F1105B5}
		{058CE257-DD36-4420-BC30-0E871A8529CB} = {DC7CE35E-208F-4414-9B13-5E0E4E0AC5E7}
		{E7B544E6-4788-4B53-BD0A-F61D531BFF9E} = {77FD8F2E-967F-462D-8E68-892D5F1105B5}
		{50D315B8-8FBF-43CF-A18F-2F1BDA25C31F} = {77FD8F2E-967F-462D-8E68-892D5F1105B5}
		{6A028C0C-E1F4-4E05-A0C0-078E0522FCCB} = {9426B79D-20B6-4287-A665-C54695B5DF51}
		{634CE696-7C03-46F3-B8B6-7FD1BF4C887A} = {103CE138-27B0-4726-8B9B-14D0FD9D3C58}
		{44EB8F11-615D-4541-9AA6-287133C26AB8} = {3E6D7AC7-7B5E-4177-91E0-1CD7ADCCA05A}
		{B2DD4B03-141D-4C03-81D0-B4508A7C125B} = {9426B79D-20B6-4287-A665-C54695B5DF51}
		{F2B3651C-4876-4439-8CF2-5F21D01BDFB5} = {DC7CE35E-208F-4414-9B13-5E0E4E0AC5E7}
		{2E42A7B4-8A5A-451C-AB78-69EECAB4A003} = {F2B3651C-4876-4439-8CF2-5F21D01BDFB5}
		{F197E5F2-395E-49C9-AC31-C575F486917B} = {F2B3651C-4876-4439-8CF2-5F21D01BDFB5}
		{7CD8EC3F-6730-4A61-A4FD-16FD52762FE0} = {F2B3651C-4876-4439-8CF2-5F21D01BDFB5}
		{EF8FAF10-D680-4965-9F4F-3245691B76B0} = {F2B3651C-4876-4439-8CF2-5F21D01BDFB5}
		{B273B43B-766A-470D-9126-0240F06E2DF6} = {F2B3651C-4876-4439-8CF2-5F21D01BDFB5}
		{7B9C0FEB-15CD-4218-A489-AD9FF76B5F68} = {F2B3651C-4876-4439-8CF2-5F21D01BDFB5}
		{67052E53-F0B1-46A0-8746-04856A3A3D34} = {F2B3651C-4876-4439-8CF2-5F21D01BDFB5}
		{FB76FA26-8874-46C4-AD76-8036CB36E661} = {F2B3651C-4876-4439-8CF2-5F21D01BDFB5}
		{7C92FB71-0669-4DD6-9536-7D0DDCAB0061} = {F2B3651C-4876-4439-8CF2-5F21D01BDFB5}
		{DC7CB424-0B98-4E65-A3B9-421FEFAFB638} = {F2B3651C-4876-4439-8CF2-5F21D01BDFB5}
	EndGlobalSection
	GlobalSection(ExtensibilityGlobals) = postSolution
		SolutionGuid = {9DCC9784-6C5A-482E-8315-FA825B2E940E}
	EndGlobalSection
EndGlobal
